
Microsoft Visual Studio Solution File, Format Version 12.00
# Visual Studio Version 17
VisualStudioVersion = 17.13.35913.81 d17.13
MinimumVisualStudioVersion = 10.0.40219.1
Project("{FAE04EC0-301F-11D3-BF4B-00C04F79EFBC}") = "LinqOperation", "LinqOperation.csproj", "{8AD693F2-B90C-4D0E-9079-1BD23B3EF7A3}"
EndProject
Global
	GlobalSection(SolutionConfigurationPlatforms) = preSolution
		Debug|Any CPU = Debug|Any CPU
		Release|Any CPU = Release|Any CPU
	EndGlobalSection
	GlobalSection(ProjectConfigurationPlatforms) = postSolution
		{8AD693F2-B90C-4D0E-9079-1BD23B3EF7A3}.Debug|Any CPU.ActiveCfg = Debug|Any CPU
		{8AD693F2-B90C-4D0E-9079-1BD23B3EF7A3}.Debug|Any CPU.Build.0 = Debug|Any CPU
		{8AD693F2-B90C-4D0E-9079-1BD23B3EF7A3}.Release|Any CPU.ActiveCfg = Release|Any CPU
		{8AD693F2-B90C-4D0E-9079-1BD23B3EF7A3}.Release|Any CPU.Build.0 = Release|Any CPU
	EndGlobalSection
	GlobalSection(SolutionProperties) = preSolution
		HideSolutionNode = FALSE
	EndGlobalSection
	GlobalSection(ExtensibilityGlobals) = postSolution
		SolutionGuid = {69F386DC-6632-4B79-A51F-C2417B682549}
	EndGlobalSection
EndGlobal
